// !$*UTF8*$!
{
	archiveVersion = 1;
	classes = {
	};
	objectVersion = 77;
	objects = {

/* Begin PBXBuildFile section */
		6E327F432D5160E100E5EE3C /* FirebaseAppDistribution-Beta in Frameworks */ = {isa = PBXBuildFile; productRef = 6E327F422D5160E100E5EE3C /* FirebaseAppDistribution-Beta */; };
		6E327F452D5160E100E5EE3C /* FirebaseAuth in Frameworks */ = {isa = PBXBuildFile; productRef = 6E327F442D5160E100E5EE3C /* FirebaseAuth */; };
		6E327F472D5160E100E5EE3C /* FirebaseCore in Frameworks */ = {isa = PBXBuildFile; productRef = 6E327F462D5160E100E5EE3C /* FirebaseCore */; };
		6E327F492D5160E100E5EE3C /* FirebaseFirestore in Frameworks */ = {isa = PBXBuildFile; productRef = 6E327F482D5160E100E5EE3C /* FirebaseFirestore */; };
		6E327F4B2D5160E100E5EE3C /* FirebaseStorage in Frameworks */ = {isa = PBXBuildFile; productRef = 6E327F4A2D5160E100E5EE3C /* FirebaseStorage */; };
		6E327F4D2D5160E100E5EE3C /* FirebaseVertexAI in Frameworks */ = {isa = PBXBuildFile; productRef = 6E327F4C2D5160E100E5EE3C /* FirebaseVertexAI */; };
		6E327F502D51614E00E5EE3C /* GoogleSignIn in Frameworks */ = {isa = PBXBuildFile; productRef = 6E327F4F2D51614E00E5EE3C /* GoogleSignIn */; };
		6E327F522D51614E00E5EE3C /* GoogleSignInSwift in Frameworks */ = {isa = PBXBuildFile; productRef = 6E327F512D51614E00E5EE3C /* GoogleSignInSwift */; };
		6E327F542D5163D600E5EE3C /* FirebaseAnalytics in Frameworks */ = {isa = PBXBuildFile; productRef = 6E327F532D5163D600E5EE3C /* FirebaseAnalytics */; };
/* End PBXBuildFile section */

/* Begin PBXContainerItemProxy section */
		6E327EEE2D5131C800E5EE3C /* PBXContainerItemProxy */ = {
			isa = PBXContainerItemProxy;
			containerPortal = 6E327ED32D5131C600E5EE3C /* Project object */;
			proxyType = 1;
			remoteGlobalIDString = 6E327EDA2D5131C600E5EE3C;
			remoteInfo = SlopTok;
		};
		6E327EF82D5131C800E5EE3C /* PBXContainerItemProxy */ = {
			isa = PBXContainerItemProxy;
			containerPortal = 6E327ED32D5131C600E5EE3C /* Project object */;
			proxyType = 1;
			remoteGlobalIDString = 6E327EDA2D5131C600E5EE3C;
			remoteInfo = SlopTok;
		};
/* End PBXContainerItemProxy section */

/* Begin PBXFileReference section */
		6E327EDB2D5131C600E5EE3C /* SlopTok.app */ = {isa = PBXFileReference; explicitFileType = wrapper.application; includeInIndex = 0; path = SlopTok.app; sourceTree = BUILT_PRODUCTS_DIR; };
		6E327EED2D5131C800E5EE3C /* SlopTokTests.xctest */ = {isa = PBXFileReference; explicitFileType = wrapper.cfbundle; includeInIndex = 0; path = SlopTokTests.xctest; sourceTree = BUILT_PRODUCTS_DIR; };
		6E327EF72D5131C800E5EE3C /* SlopTokUITests.xctest */ = {isa = PBXFileReference; explicitFileType = wrapper.cfbundle; includeInIndex = 0; path = SlopTokUITests.xctest; sourceTree = BUILT_PRODUCTS_DIR; };
/* End PBXFileReference section */

/* Begin PBXFileSystemSynchronizedBuildFileExceptionSet section */
		6E327F5E2D5166AB00E5EE3C /* Exceptions for "SlopTok" folder in "SlopTok" target */ = {
			isa = PBXFileSystemSynchronizedBuildFileExceptionSet;
			membershipExceptions = (
				Info.plist,
			);
			target = 6E327EDA2D5131C600E5EE3C /* SlopTok */;
		};
/* End PBXFileSystemSynchronizedBuildFileExceptionSet section */

/* Begin PBXFileSystemSynchronizedRootGroup section */
		6E327EDD2D5131C600E5EE3C /* SlopTok */ = {
			isa = PBXFileSystemSynchronizedRootGroup;
			exceptions = (
				6E327F5E2D5166AB00E5EE3C /* Exceptions for "SlopTok" folder in "SlopTok" target */,
			);
			path = SlopTok;
			sourceTree = "<group>";
		};
		6E327EF02D5131C800E5EE3C /* SlopTokTests */ = {
			isa = PBXFileSystemSynchronizedRootGroup;
			path = SlopTokTests;
			sourceTree = "<group>";
		};
		6E327EFA2D5131C800E5EE3C /* SlopTokUITests */ = {
			isa = PBXFileSystemSynchronizedRootGroup;
			path = SlopTokUITests;
			sourceTree = "<group>";
		};
/* End PBXFileSystemSynchronizedRootGroup section */

/* Begin PBXFrameworksBuildPhase section */
		6E327ED82D5131C600E5EE3C /* Frameworks */ = {
			isa = PBXFrameworksBuildPhase;
			buildActionMask = 2147483647;
			files = (
				6E327F432D5160E100E5EE3C /* FirebaseAppDistribution-Beta in Frameworks */,
				6E327F4D2D5160E100E5EE3C /* FirebaseVertexAI in Frameworks */,
				6E327F492D5160E100E5EE3C /* FirebaseFirestore in Frameworks */,
				6E327F522D51614E00E5EE3C /* GoogleSignInSwift in Frameworks */,
				6E327F472D5160E100E5EE3C /* FirebaseCore in Frameworks */,
				6E327F4B2D5160E100E5EE3C /* FirebaseStorage in Frameworks */,
				6E327F452D5160E100E5EE3C /* FirebaseAuth in Frameworks */,
				6E327F502D51614E00E5EE3C /* GoogleSignIn in Frameworks */,
				6E327F542D5163D600E5EE3C /* FirebaseAnalytics in Frameworks */,
			);
			runOnlyForDeploymentPostprocessing = 0;
		};
		6E327EEA2D5131C800E5EE3C /* Frameworks */ = {
			isa = PBXFrameworksBuildPhase;
			buildActionMask = 2147483647;
			files = (
			);
			runOnlyForDeploymentPostprocessing = 0;
		};
		6E327EF42D5131C800E5EE3C /* Frameworks */ = {
			isa = PBXFrameworksBuildPhase;
			buildActionMask = 2147483647;
			files = (
			);
			runOnlyForDeploymentPostprocessing = 0;
		};
/* End PBXFrameworksBuildPhase section */

/* Begin PBXGroup section */
		6E327ED22D5131C600E5EE3C = {
			isa = PBXGroup;
			children = (
				6E327EDD2D5131C600E5EE3C /* SlopTok */,
				6E327EF02D5131C800E5EE3C /* SlopTokTests */,
				6E327EFA2D5131C800E5EE3C /* SlopTokUITests */,
				6E327EDC2D5131C600E5EE3C /* Products */,
			);
			sourceTree = "<group>";
		};
		6E327EDC2D5131C600E5EE3C /* Products */ = {
			isa = PBXGroup;
			children = (
				6E327EDB2D5131C600E5EE3C /* SlopTok.app */,
				6E327EED2D5131C800E5EE3C /* SlopTokTests.xctest */,
				6E327EF72D5131C800E5EE3C /* SlopTokUITests.xctest */,
			);
			name = Products;
			sourceTree = "<group>";
		};
/* End PBXGroup section */

/* Begin PBXNativeTarget section */
		6E327EDA2D5131C600E5EE3C /* SlopTok */ = {
			isa = PBXNativeTarget;
			buildConfigurationList = 6E327F012D5131C800E5EE3C /* Build configuration list for PBXNativeTarget "SlopTok" */;
			buildPhases = (
				6E327ED72D5131C600E5EE3C /* Sources */,
				6E327ED82D5131C600E5EE3C /* Frameworks */,
				6E327ED92D5131C600E5EE3C /* Resources */,
			);
			buildRules = (
			);
			dependencies = (
			);
			fileSystemSynchronizedGroups = (
				6E327EDD2D5131C600E5EE3C /* SlopTok */,
			);
			name = SlopTok;
			packageProductDependencies = (
				6E327F422D5160E100E5EE3C /* FirebaseAppDistribution-Beta */,
				6E327F442D5160E100E5EE3C /* FirebaseAuth */,
				6E327F462D5160E100E5EE3C /* FirebaseCore */,
				6E327F482D5160E100E5EE3C /* FirebaseFirestore */,
				6E327F4A2D5160E100E5EE3C /* FirebaseStorage */,
				6E327F4C2D5160E100E5EE3C /* FirebaseVertexAI */,
				6E327F4F2D51614E00E5EE3C /* GoogleSignIn */,
				6E327F512D51614E00E5EE3C /* GoogleSignInSwift */,
				6E327F532D5163D600E5EE3C /* FirebaseAnalytics */,
			);
			productName = SlopTok;
			productReference = 6E327EDB2D5131C600E5EE3C /* SlopTok.app */;
			productType = "com.apple.product-type.application";
		};
		6E327EEC2D5131C800E5EE3C /* SlopTokTests */ = {
			isa = PBXNativeTarget;
			buildConfigurationList = 6E327F042D5131C800E5EE3C /* Build configuration list for PBXNativeTarget "SlopTokTests" */;
			buildPhases = (
				6E327EE92D5131C800E5EE3C /* Sources */,
				6E327EEA2D5131C800E5EE3C /* Frameworks */,
				6E327EEB2D5131C800E5EE3C /* Resources */,
			);
			buildRules = (
			);
			dependencies = (
				6E327EEF2D5131C800E5EE3C /* PBXTargetDependency */,
			);
			fileSystemSynchronizedGroups = (
				6E327EF02D5131C800E5EE3C /* SlopTokTests */,
			);
			name = SlopTokTests;
			packageProductDependencies = (
			);
			productName = SlopTokTests;
			productReference = 6E327EED2D5131C800E5EE3C /* SlopTokTests.xctest */;
			productType = "com.apple.product-type.bundle.unit-test";
		};
		6E327EF62D5131C800E5EE3C /* SlopTokUITests */ = {
			isa = PBXNativeTarget;
			buildConfigurationList = 6E327F072D5131C800E5EE3C /* Build configuration list for PBXNativeTarget "SlopTokUITests" */;
			buildPhases = (
				6E327EF32D5131C800E5EE3C /* Sources */,
				6E327EF42D5131C800E5EE3C /* Frameworks */,
				6E327EF52D5131C800E5EE3C /* Resources */,
			);
			buildRules = (
			);
			dependencies = (
				6E327EF92D5131C800E5EE3C /* PBXTargetDependency */,
			);
			fileSystemSynchronizedGroups = (
				6E327EFA2D5131C800E5EE3C /* SlopTokUITests */,
			);
			name = SlopTokUITests;
			packageProductDependencies = (
			);
			productName = SlopTokUITests;
			productReference = 6E327EF72D5131C800E5EE3C /* SlopTokUITests.xctest */;
			productType = "com.apple.product-type.bundle.ui-testing";
		};
/* End PBXNativeTarget section */

/* Begin PBXProject section */
		6E327ED32D5131C600E5EE3C /* Project object */ = {
			isa = PBXProject;
			attributes = {
				BuildIndependentTargetsInParallel = 1;
				LastSwiftUpdateCheck = 1620;
				LastUpgradeCheck = 1620;
				TargetAttributes = {
					6E327EDA2D5131C600E5EE3C = {
						CreatedOnToolsVersion = 16.2;
					};
					6E327EEC2D5131C800E5EE3C = {
						CreatedOnToolsVersion = 16.2;
						TestTargetID = 6E327EDA2D5131C600E5EE3C;
					};
					6E327EF62D5131C800E5EE3C = {
						CreatedOnToolsVersion = 16.2;
						TestTargetID = 6E327EDA2D5131C600E5EE3C;
					};
				};
			};
			buildConfigurationList = 6E327ED62D5131C600E5EE3C /* Build configuration list for PBXProject "SlopTok" */;
			developmentRegion = en;
			hasScannedForEncodings = 0;
			knownRegions = (
				en,
				Base,
			);
			mainGroup = 6E327ED22D5131C600E5EE3C;
			minimizedProjectReferenceProxies = 1;
			packageReferences = (
				6E327F412D5160E100E5EE3C /* XCRemoteSwiftPackageReference "firebase-ios-sdk" */,
				6E327F4E2D51614E00E5EE3C /* XCRemoteSwiftPackageReference "GoogleSignIn-iOS" */,
			);
			preferredProjectObjectVersion = 77;
			productRefGroup = 6E327EDC2D5131C600E5EE3C /* Products */;
			projectDirPath = "";
			projectRoot = "";
			targets = (
				6E327EDA2D5131C600E5EE3C /* SlopTok */,
				6E327EEC2D5131C800E5EE3C /* SlopTokTests */,
				6E327EF62D5131C800E5EE3C /* SlopTokUITests */,
			);
		};
/* End PBXProject section */

/* Begin PBXResourcesBuildPhase section */
		6E327ED92D5131C600E5EE3C /* Resources */ = {
			isa = PBXResourcesBuildPhase;
			buildActionMask = 2147483647;
			files = (
			);
			runOnlyForDeploymentPostprocessing = 0;
		};
		6E327EEB2D5131C800E5EE3C /* Resources */ = {
			isa = PBXResourcesBuildPhase;
			buildActionMask = 2147483647;
			files = (
			);
			runOnlyForDeploymentPostprocessing = 0;
		};
		6E327EF52D5131C800E5EE3C /* Resources */ = {
			isa = PBXResourcesBuildPhase;
			buildActionMask = 2147483647;
			files = (
			);
			runOnlyForDeploymentPostprocessing = 0;
		};
/* End PBXResourcesBuildPhase section */

/* Begin PBXSourcesBuildPhase section */
		6E327ED72D5131C600E5EE3C /* Sources */ = {
			isa = PBXSourcesBuildPhase;
			buildActionMask = 2147483647;
			files = (
			);
			runOnlyForDeploymentPostprocessing = 0;
		};
		6E327EE92D5131C800E5EE3C /* Sources */ = {
			isa = PBXSourcesBuildPhase;
			buildActionMask = 2147483647;
			files = (
			);
			runOnlyForDeploymentPostprocessing = 0;
		};
		6E327EF32D5131C800E5EE3C /* Sources */ = {
			isa = PBXSourcesBuildPhase;
			buildActionMask = 2147483647;
			files = (
			);
			runOnlyForDeploymentPostprocessing = 0;
		};
/* End PBXSourcesBuildPhase section */

/* Begin PBXTargetDependency section */
		6E327EEF2D5131C800E5EE3C /* PBXTargetDependency */ = {
			isa = PBXTargetDependency;
			target = 6E327EDA2D5131C600E5EE3C /* SlopTok */;
			targetProxy = 6E327EEE2D5131C800E5EE3C /* PBXContainerItemProxy */;
		};
		6E327EF92D5131C800E5EE3C /* PBXTargetDependency */ = {
			isa = PBXTargetDependency;
			target = 6E327EDA2D5131C600E5EE3C /* SlopTok */;
			targetProxy = 6E327EF82D5131C800E5EE3C /* PBXContainerItemProxy */;
		};
/* End PBXTargetDependency section */

/* Begin XCBuildConfiguration section */
		6E327EFF2D5131C800E5EE3C /* Debug */ = {
			isa = XCBuildConfiguration;
			buildSettings = {
				ALWAYS_SEARCH_USER_PATHS = NO;
				ASSETCATALOG_COMPILER_GENERATE_SWIFT_ASSET_SYMBOL_EXTENSIONS = YES;
				CLANG_ANALYZER_NONNULL = YES;
				CLANG_ANALYZER_NUMBER_OBJECT_CONVERSION = YES_AGGRESSIVE;
				CLANG_CXX_LANGUAGE_STANDARD = "gnu++20";
				CLANG_ENABLE_MODULES = YES;
				CLANG_ENABLE_OBJC_ARC = YES;
				CLANG_ENABLE_OBJC_WEAK = YES;
				CLANG_WARN_BLOCK_CAPTURE_AUTORELEASING = YES;
				CLANG_WARN_BOOL_CONVERSION = YES;
				CLANG_WARN_COMMA = YES;
				CLANG_WARN_CONSTANT_CONVERSION = YES;
				CLANG_WARN_DEPRECATED_OBJC_IMPLEMENTATIONS = YES;
				CLANG_WARN_DIRECT_OBJC_ISA_USAGE = YES_ERROR;
				CLANG_WARN_DOCUMENTATION_COMMENTS = YES;
				CLANG_WARN_EMPTY_BODY = YES;
				CLANG_WARN_ENUM_CONVERSION = YES;
				CLANG_WARN_INFINITE_RECURSION = YES;
				CLANG_WARN_INT_CONVERSION = YES;
				CLANG_WARN_NON_LITERAL_NULL_CONVERSION = YES;
				CLANG_WARN_OBJC_IMPLICIT_RETAIN_SELF = YES;
				CLANG_WARN_OBJC_LITERAL_CONVERSION = YES;
				CLANG_WARN_OBJC_ROOT_CLASS = YES_ERROR;
				CLANG_WARN_QUOTED_INCLUDE_IN_FRAMEWORK_HEADER = YES;
				CLANG_WARN_RANGE_LOOP_ANALYSIS = YES;
				CLANG_WARN_STRICT_PROTOTYPES = YES;
				CLANG_WARN_SUSPICIOUS_MOVE = YES;
				CLANG_WARN_UNGUARDED_AVAILABILITY = YES_AGGRESSIVE;
				CLANG_WARN_UNREACHABLE_CODE = YES;
				CLANG_WARN__DUPLICATE_METHOD_MATCH = YES;
				COPY_PHASE_STRIP = NO;
				DEBUG_INFORMATION_FORMAT = dwarf;
				ENABLE_STRICT_OBJC_MSGSEND = YES;
				ENABLE_TESTABILITY = YES;
				ENABLE_USER_SCRIPT_SANDBOXING = YES;
				GCC_C_LANGUAGE_STANDARD = gnu17;
				GCC_DYNAMIC_NO_PIC = NO;
				GCC_NO_COMMON_BLOCKS = YES;
				GCC_OPTIMIZATION_LEVEL = 0;
				GCC_PREPROCESSOR_DEFINITIONS = (
					"DEBUG=1",
					"$(inherited)",
				);
				GCC_WARN_64_TO_32_BIT_CONVERSION = YES;
				GCC_WARN_ABOUT_RETURN_TYPE = YES_ERROR;
				GCC_WARN_UNDECLARED_SELECTOR = YES;
				GCC_WARN_UNINITIALIZED_AUTOS = YES_AGGRESSIVE;
				GCC_WARN_UNUSED_FUNCTION = YES;
				GCC_WARN_UNUSED_VARIABLE = YES;
				IPHONEOS_DEPLOYMENT_TARGET = 18.2;
				LOCALIZATION_PREFERS_STRING_CATALOGS = YES;
				MTL_ENABLE_DEBUG_INFO = INCLUDE_SOURCE;
				MTL_FAST_MATH = YES;
				ONLY_ACTIVE_ARCH = YES;
				SDKROOT = iphoneos;
				SWIFT_ACTIVE_COMPILATION_CONDITIONS = "DEBUG $(inherited)";
				SWIFT_OPTIMIZATION_LEVEL = "-Onone";
			};
			name = Debug;
		};
		6E327F002D5131C800E5EE3C /* Release */ = {
			isa = XCBuildConfiguration;
			buildSettings = {
				ALWAYS_SEARCH_USER_PATHS = NO;
				ASSETCATALOG_COMPILER_GENERATE_SWIFT_ASSET_SYMBOL_EXTENSIONS = YES;
				CLANG_ANALYZER_NONNULL = YES;
				CLANG_ANALYZER_NUMBER_OBJECT_CONVERSION = YES_AGGRESSIVE;
				CLANG_CXX_LANGUAGE_STANDARD = "gnu++20";
				CLANG_ENABLE_MODULES = YES;
				CLANG_ENABLE_OBJC_ARC = YES;
				CLANG_ENABLE_OBJC_WEAK = YES;
				CLANG_WARN_BLOCK_CAPTURE_AUTORELEASING = YES;
				CLANG_WARN_BOOL_CONVERSION = YES;
				CLANG_WARN_COMMA = YES;
				CLANG_WARN_CONSTANT_CONVERSION = YES;
				CLANG_WARN_DEPRECATED_OBJC_IMPLEMENTATIONS = YES;
				CLANG_WARN_DIRECT_OBJC_ISA_USAGE = YES_ERROR;
				CLANG_WARN_DOCUMENTATION_COMMENTS = YES;
				CLANG_WARN_EMPTY_BODY = YES;
				CLANG_WARN_ENUM_CONVERSION = YES;
				CLANG_WARN_INFINITE_RECURSION = YES;
				CLANG_WARN_INT_CONVERSION = YES;
				CLANG_WARN_NON_LITERAL_NULL_CONVERSION = YES;
				CLANG_WARN_OBJC_IMPLICIT_RETAIN_SELF = YES;
				CLANG_WARN_OBJC_LITERAL_CONVERSION = YES;
				CLANG_WARN_OBJC_ROOT_CLASS = YES_ERROR;
				CLANG_WARN_QUOTED_INCLUDE_IN_FRAMEWORK_HEADER = YES;
				CLANG_WARN_RANGE_LOOP_ANALYSIS = YES;
				CLANG_WARN_STRICT_PROTOTYPES = YES;
				CLANG_WARN_SUSPICIOUS_MOVE = YES;
				CLANG_WARN_UNGUARDED_AVAILABILITY = YES_AGGRESSIVE;
				CLANG_WARN_UNREACHABLE_CODE = YES;
				CLANG_WARN__DUPLICATE_METHOD_MATCH = YES;
				COPY_PHASE_STRIP = NO;
				DEBUG_INFORMATION_FORMAT = "dwarf-with-dsym";
				ENABLE_NS_ASSERTIONS = NO;
				ENABLE_STRICT_OBJC_MSGSEND = YES;
				ENABLE_USER_SCRIPT_SANDBOXING = YES;
				GCC_C_LANGUAGE_STANDARD = gnu17;
				GCC_NO_COMMON_BLOCKS = YES;
				GCC_WARN_64_TO_32_BIT_CONVERSION = YES;
				GCC_WARN_ABOUT_RETURN_TYPE = YES_ERROR;
				GCC_WARN_UNDECLARED_SELECTOR = YES;
				GCC_WARN_UNINITIALIZED_AUTOS = YES_AGGRESSIVE;
				GCC_WARN_UNUSED_FUNCTION = YES;
				GCC_WARN_UNUSED_VARIABLE = YES;
				IPHONEOS_DEPLOYMENT_TARGET = 18.2;
				LOCALIZATION_PREFERS_STRING_CATALOGS = YES;
				MTL_ENABLE_DEBUG_INFO = NO;
				MTL_FAST_MATH = YES;
				SDKROOT = iphoneos;
				SWIFT_COMPILATION_MODE = wholemodule;
				VALIDATE_PRODUCT = YES;
			};
			name = Release;
		};
		6E327F022D5131C800E5EE3C /* Debug */ = {
			isa = XCBuildConfiguration;
			buildSettings = {
				ASSETCATALOG_COMPILER_APPICON_NAME = AppIcon;
				ASSETCATALOG_COMPILER_GLOBAL_ACCENT_COLOR_NAME = AccentColor;
				CODE_SIGN_STYLE = Automatic;
				CURRENT_PROJECT_VERSION = 1;
				DEVELOPMENT_ASSET_PATHS = "\"SlopTok/Preview Content\"";
				DEVELOPMENT_TEAM = 7Z9TJ39HVZ;
				ENABLE_PREVIEWS = YES;
				GENERATE_INFOPLIST_FILE = YES;
				INFOPLIST_FILE = SlopTok/Info.plist;
				INFOPLIST_KEY_UIApplicationSceneManifest_Generation = YES;
				INFOPLIST_KEY_UIApplicationSupportsIndirectInputEvents = YES;
				INFOPLIST_KEY_UILaunchScreen_Generation = YES;
				INFOPLIST_KEY_UISupportedInterfaceOrientations_iPad = "UIInterfaceOrientationPortrait UIInterfaceOrientationPortraitUpsideDown UIInterfaceOrientationLandscapeLeft UIInterfaceOrientationLandscapeRight";
				INFOPLIST_KEY_UISupportedInterfaceOrientations_iPhone = "UIInterfaceOrientationPortrait UIInterfaceOrientationLandscapeLeft UIInterfaceOrientationLandscapeRight";
				LD_RUNPATH_SEARCH_PATHS = (
					"$(inherited)",
					"@executable_path/Frameworks",
				);
				MARKETING_VERSION = 1.0;
				PRODUCT_BUNDLE_IDENTIFIER = com.mattstanbrell.SlopTok;
				PRODUCT_NAME = "$(TARGET_NAME)";
				SWIFT_EMIT_LOC_STRINGS = YES;
				SWIFT_VERSION = 5.0;
				TARGETED_DEVICE_FAMILY = "1,2";
			};
			name = Debug;
		};
		6E327F032D5131C800E5EE3C /* Release */ = {
			isa = XCBuildConfiguration;
			buildSettings = {
				ASSETCATALOG_COMPILER_APPICON_NAME = AppIcon;
				ASSETCATALOG_COMPILER_GLOBAL_ACCENT_COLOR_NAME = AccentColor;
				CODE_SIGN_STYLE = Automatic;
				CURRENT_PROJECT_VERSION = 1;
				DEVELOPMENT_ASSET_PATHS = "\"SlopTok/Preview Content\"";
				DEVELOPMENT_TEAM = 7Z9TJ39HVZ;
				ENABLE_PREVIEWS = YES;
				GENERATE_INFOPLIST_FILE = YES;
				INFOPLIST_FILE = SlopTok/Info.plist;
				INFOPLIST_KEY_UIApplicationSceneManifest_Generation = YES;
				INFOPLIST_KEY_UIApplicationSupportsIndirectInputEvents = YES;
				INFOPLIST_KEY_UILaunchScreen_Generation = YES;
				INFOPLIST_KEY_UISupportedInterfaceOrientations_iPad = "UIInterfaceOrientationPortrait UIInterfaceOrientationPortraitUpsideDown UIInterfaceOrientationLandscapeLeft UIInterfaceOrientationLandscapeRight";
				INFOPLIST_KEY_UISupportedInterfaceOrientations_iPhone = "UIInterfaceOrientationPortrait UIInterfaceOrientationLandscapeLeft UIInterfaceOrientationLandscapeRight";
				LD_RUNPATH_SEARCH_PATHS = (
					"$(inherited)",
					"@executable_path/Frameworks",
				);
				MARKETING_VERSION = 1.0;
				PRODUCT_BUNDLE_IDENTIFIER = com.mattstanbrell.SlopTok;
				PRODUCT_NAME = "$(TARGET_NAME)";
				SWIFT_EMIT_LOC_STRINGS = YES;
				SWIFT_VERSION = 5.0;
				TARGETED_DEVICE_FAMILY = "1,2";
			};
			name = Release;
		};
		6E327F052D5131C800E5EE3C /* Debug */ = {
			isa = XCBuildConfiguration;
			buildSettings = {
				BUNDLE_LOADER = "$(TEST_HOST)";
				CODE_SIGN_STYLE = Automatic;
				CURRENT_PROJECT_VERSION = 1;
				GENERATE_INFOPLIST_FILE = YES;
				IPHONEOS_DEPLOYMENT_TARGET = 18.2;
				MARKETING_VERSION = 1.0;
				PRODUCT_BUNDLE_IDENTIFIER = com.mattstanbrell.SlopTokTests;
				PRODUCT_NAME = "$(TARGET_NAME)";
				SWIFT_EMIT_LOC_STRINGS = NO;
				SWIFT_VERSION = 5.0;
				TARGETED_DEVICE_FAMILY = "1,2";
				TEST_HOST = "$(BUILT_PRODUCTS_DIR)/SlopTok.app/$(BUNDLE_EXECUTABLE_FOLDER_PATH)/SlopTok";
			};
			name = Debug;
		};
		6E327F062D5131C800E5EE3C /* Release */ = {
			isa = XCBuildConfiguration;
			buildSettings = {
				BUNDLE_LOADER = "$(TEST_HOST)";
				CODE_SIGN_STYLE = Automatic;
				CURRENT_PROJECT_VERSION = 1;
				GENERATE_INFOPLIST_FILE = YES;
				IPHONEOS_DEPLOYMENT_TARGET = 18.2;
				MARKETING_VERSION = 1.0;
				PRODUCT_BUNDLE_IDENTIFIER = com.mattstanbrell.SlopTokTests;
				PRODUCT_NAME = "$(TARGET_NAME)";
				SWIFT_EMIT_LOC_STRINGS = NO;
				SWIFT_VERSION = 5.0;
				TARGETED_DEVICE_FAMILY = "1,2";
				TEST_HOST = "$(BUILT_PRODUCTS_DIR)/SlopTok.app/$(BUNDLE_EXECUTABLE_FOLDER_PATH)/SlopTok";
			};
			name = Release;
		};
		6E327F082D5131C800E5EE3C /* Debug */ = {
			isa = XCBuildConfiguration;
			buildSettings = {
				CODE_SIGN_STYLE = Automatic;
				CURRENT_PROJECT_VERSION = 1;
				GENERATE_INFOPLIST_FILE = YES;
				MARKETING_VERSION = 1.0;
				PRODUCT_BUNDLE_IDENTIFIER = com.mattstanbrell.SlopTokUITests;
				PRODUCT_NAME = "$(TARGET_NAME)";
				SWIFT_EMIT_LOC_STRINGS = NO;
				SWIFT_VERSION = 5.0;
				TARGETED_DEVICE_FAMILY = "1,2";
				TEST_TARGET_NAME = SlopTok;
			};
			name = Debug;
		};
		6E327F092D5131C800E5EE3C /* Release */ = {
			isa = XCBuildConfiguration;
			buildSettings = {
				CODE_SIGN_STYLE = Automatic;
				CURRENT_PROJECT_VERSION = 1;
				GENERATE_INFOPLIST_FILE = YES;
				MARKETING_VERSION = 1.0;
				PRODUCT_BUNDLE_IDENTIFIER = com.mattstanbrell.SlopTokUITests;
				PRODUCT_NAME = "$(TARGET_NAME)";
				SWIFT_EMIT_LOC_STRINGS = NO;
				SWIFT_VERSION = 5.0;
				TARGETED_DEVICE_FAMILY = "1,2";
				TEST_TARGET_NAME = SlopTok;
			};
			name = Release;
		};
/* End XCBuildConfiguration section */

/* Begin XCConfigurationList section */
		6E327ED62D5131C600E5EE3C /* Build configuration list for PBXProject "SlopTok" */ = {
			isa = XCConfigurationList;
			buildConfigurations = (
				6E327EFF2D5131C800E5EE3C /* Debug */,
				6E327F002D5131C800E5EE3C /* Release */,
			);
			defaultConfigurationIsVisible = 0;
			defaultConfigurationName = Release;
		};
		6E327F012D5131C800E5EE3C /* Build configuration list for PBXNativeTarget "SlopTok" */ = {
			isa = XCConfigurationList;
			buildConfigurations = (
				6E327F022D5131C800E5EE3C /* Debug */,
				6E327F032D5131C800E5EE3C /* Release */,
			);
			defaultConfigurationIsVisible = 0;
			defaultConfigurationName = Release;
		};
		6E327F042D5131C800E5EE3C /* Build configuration list for PBXNativeTarget "SlopTokTests" */ = {
			isa = XCConfigurationList;
			buildConfigurations = (
				6E327F052D5131C800E5EE3C /* Debug */,
				6E327F062D5131C800E5EE3C /* Release */,
			);
			defaultConfigurationIsVisible = 0;
			defaultConfigurationName = Release;
		};
		6E327F072D5131C800E5EE3C /* Build configuration list for PBXNativeTarget "SlopTokUITests" */ = {
			isa = XCConfigurationList;
			buildConfigurations = (
				6E327F082D5131C800E5EE3C /* Debug */,
				6E327F092D5131C800E5EE3C /* Release */,
			);
			defaultConfigurationIsVisible = 0;
			defaultConfigurationName = Release;
		};
/* End XCConfigurationList section */

/* Begin XCRemoteSwiftPackageReference section */
		6E327F412D5160E100E5EE3C /* XCRemoteSwiftPackageReference "firebase-ios-sdk" */ = {
			isa = XCRemoteSwiftPackageReference;
			repositoryURL = "https://github.com/firebase/firebase-ios-sdk";
			requirement = {
				kind = upToNextMajorVersion;
				minimumVersion = 11.8.0;
			};
		};
		6E327F4E2D51614E00E5EE3C /* XCRemoteSwiftPackageReference "GoogleSignIn-iOS" */ = {
			isa = XCRemoteSwiftPackageReference;
			repositoryURL = "https://github.com/google/GoogleSignIn-iOS";
			requirement = {
				kind = upToNextMajorVersion;
				minimumVersion = 8.0.0;
			};
		};
/* End XCRemoteSwiftPackageReference section */

/* Begin XCSwiftPackageProductDependency section */
		6E327F422D5160E100E5EE3C /* FirebaseAppDistribution-Beta */ = {
			isa = XCSwiftPackageProductDependency;
			package = 6E327F412D5160E100E5EE3C /* XCRemoteSwiftPackageReference "firebase-ios-sdk" */;
			productName = "FirebaseAppDistribution-Beta";
		};
		6E327F442D5160E100E5EE3C /* FirebaseAuth */ = {
			isa = XCSwiftPackageProductDependency;
			package = 6E327F412D5160E100E5EE3C /* XCRemoteSwiftPackageReference "firebase-ios-sdk" */;
			productName = FirebaseAuth;
		};
		6E327F462D5160E100E5EE3C /* FirebaseCore */ = {
			isa = XCSwiftPackageProductDependency;
			package = 6E327F412D5160E100E5EE3C /* XCRemoteSwiftPackageReference "firebase-ios-sdk" */;
			productName = FirebaseCore;
		};
		6E327F482D5160E100E5EE3C /* FirebaseFirestore */ = {
			isa = XCSwiftPackageProductDependency;
			package = 6E327F412D5160E100E5EE3C /* XCRemoteSwiftPackageReference "firebase-ios-sdk" */;
			productName = FirebaseFirestore;
		};
		6E327F4A2D5160E100E5EE3C /* FirebaseStorage */ = {
			isa = XCSwiftPackageProductDependency;
			package = 6E327F412D5160E100E5EE3C /* XCRemoteSwiftPackageReference "firebase-ios-sdk" */;
			productName = FirebaseStorage;
		};
		6E327F4C2D5160E100E5EE3C /* FirebaseVertexAI */ = {
			isa = XCSwiftPackageProductDependency;
			package = 6E327F412D5160E100E5EE3C /* XCRemoteSwiftPackageReference "firebase-ios-sdk" */;
			productName = FirebaseVertexAI;
		};
		6E327F4F2D51614E00E5EE3C /* GoogleSignIn */ = {
			isa = XCSwiftPackageProductDependency;
			package = 6E327F4E2D51614E00E5EE3C /* XCRemoteSwiftPackageReference "GoogleSignIn-iOS" */;
			productName = GoogleSignIn;
		};
		6E327F512D51614E00E5EE3C /* GoogleSignInSwift */ = {
			isa = XCSwiftPackageProductDependency;
			package = 6E327F4E2D51614E00E5EE3C /* XCRemoteSwiftPackageReference "GoogleSignIn-iOS" */;
			productName = GoogleSignInSwift;
		};
		6E327F532D5163D600E5EE3C /* FirebaseAnalytics */ = {
			isa = XCSwiftPackageProductDependency;
			package = 6E327F412D5160E100E5EE3C /* XCRemoteSwiftPackageReference "firebase-ios-sdk" */;
			productName = FirebaseAnalytics;
		};
/* End XCSwiftPackageProductDependency section */
	};
	rootObject = 6E327ED32D5131C600E5EE3C /* Project object */;
}
